
Microsoft Visual Studio Solution File, Format Version 12.00
# Visual Studio Version 17
VisualStudioVersion = 17.6.33829.357
MinimumVisualStudioVersion = 10.0.40219.1
Project("{8BC9CEB8-8B4A-11D0-8D11-00A0C91BC942}") = "Atari Project", "Atari Project.vcxproj", "{0CEDE482-B1A2-4877-A889-76E627264A7A}"
EndProject
Global
	GlobalSection(SolutionConfigurationPlatforms) = preSolution
		Debug|x64 = Debug|x64
		Debug|x86 = Debug|x86
		Release|x64 = Release|x64
		Release|x86 = Release|x86
	EndGlobalSection
	GlobalSection(ProjectConfigurationPlatforms) = postSolution
		{0CEDE482-B1A2-4877-A889-76E627264A7A}.Debug|x64.ActiveCfg = Debug|x64
		{0CEDE482-B1A2-4877-A889-76E627264A7A}.Debug|x64.Build.0 = Debug|x64
		{0CEDE482-B1A2-4877-A889-76E627264A7A}.Debug|x86.ActiveCfg = Debug|Win32
		{0CEDE482-B1A2-4877-A889-76E627264A7A}.Debug|x86.Build.0 = Debug|Win32
		{0CEDE482-B1A2-4877-A889-76E627264A7A}.Release|x64.ActiveCfg = Release|x64
		{0CEDE482-B1A2-4877-A889-76E627264A7A}.Release|x64.Build.0 = Release|x64
		{0CEDE482-B1A2-4877-A889-76E627264A7A}.Release|x86.ActiveCfg = Release|Win32
		{0CEDE482-B1A2-4877-A889-76E627264A7A}.Release|x86.Build.0 = Release|Win32
	EndGlobalSection
	GlobalSection(SolutionProperties) = preSolution
		HideSolutionNode = FALSE
	EndGlobalSection
	GlobalSection(ExtensibilityGlobals) = postSolution
		SolutionGuid = {C1F38364-8BCD-4BD7-AFDA-B5514ED0C9A6}
	EndGlobalSection
EndGlobal
